
Microsoft Visual Studio Solution File, Format Version 12.00
# Visual Studio 15
VisualStudioVersion = 15.0.28307.168
MinimumVisualStudioVersion = 10.0.40219.1
Project("{FAE04EC0-301F-11D3-BF4B-00C04F79EFBC}") = "LTInstall", "LTInstall\LTInstall.csproj", "{CF18D495-E6DB-46C7-8C87-E0C6FE40B8EA}"
EndProject
Global
	GlobalSection(SolutionConfigurationPlatforms) = preSolution
		Debug|Any CPU = Debug|Any CPU
		Release|Any CPU = Release|Any CPU
	EndGlobalSection
	GlobalSection(ProjectConfigurationPlatforms) = postSolution
		{CF18D495-E6DB-46C7-8C87-E0C6FE40B8EA}.Debug|Any CPU.ActiveCfg = Debug|Any CPU
		{CF18D495-E6DB-46C7-8C87-E0C6FE40B8EA}.Debug|Any CPU.Build.0 = Debug|Any CPU
		{CF18D495-E6DB-46C7-8C87-E0C6FE40B8EA}.Release|Any CPU.ActiveCfg = Release|Any CPU
		{CF18D495-E6DB-46C7-8C87-E0C6FE40B8EA}.Release|Any CPU.Build.0 = Release|Any CPU
	EndGlobalSection
	GlobalSection(SolutionProperties) = preSolution
		HideSolutionNode = FALSE
	EndGlobalSection
	GlobalSection(ExtensibilityGlobals) = postSolution
		SolutionGuid = {5D68838B-F72B-44B1-B54B-F778D45B8AF3}
	EndGlobalSection
EndGlobal
